
Microsoft Visual Studio Solution File, Format Version 12.00
# Visual Studio Version 16
VisualStudioVersion = 16.0.30611.23
MinimumVisualStudioVersion = 10.0.40219.1
Project("{9A19103F-16F7-4668-BE54-9A1E7A4F7556}") = "CypressDemo.Api", "CypressDemo.Api\CypressDemo.Api.csproj", "{FB0507FE-FE17-43C4-A910-FDDE75ECC825}"
	ProjectSection(ProjectDependencies) = postProject
		{D30C7587-9FD6-4FB9-9178-6E9D5BD71B0A} = {D30C7587-9FD6-4FB9-9178-6E9D5BD71B0A}
	EndProjectSection
EndProject
Project("{9A19103F-16F7-4668-BE54-9A1E7A4F7556}") = "CypressDemo.Infrastructure", "CypressDemo.Infrastructure\CypressDemo.Infrastructure.csproj", "{D30C7587-9FD6-4FB9-9178-6E9D5BD71B0A}"
EndProject
Project("{9A19103F-16F7-4668-BE54-9A1E7A4F7556}") = "CypressDemo.Domain", "CypressDemo.Domain\CypressDemo.Domain.csproj", "{20F296A8-22D2-4106-9E40-DDEE5B821292}"
EndProject
Global
	GlobalSection(SolutionConfigurationPlatforms) = preSolution
		Debug|Any CPU = Debug|Any CPU
		Release|Any CPU = Release|Any CPU
	EndGlobalSection
	GlobalSection(ProjectConfigurationPlatforms) = postSolution
		{FB0507FE-FE17-43C4-A910-FDDE75ECC825}.Debug|Any CPU.ActiveCfg = Debug|Any CPU
		{FB0507FE-FE17-43C4-A910-FDDE75ECC825}.Debug|Any CPU.Build.0 = Debug|Any CPU
		{FB0507FE-FE17-43C4-A910-FDDE75ECC825}.Release|Any CPU.ActiveCfg = Release|Any CPU
		{FB0507FE-FE17-43C4-A910-FDDE75ECC825}.Release|Any CPU.Build.0 = Release|Any CPU
		{D30C7587-9FD6-4FB9-9178-6E9D5BD71B0A}.Debug|Any CPU.ActiveCfg = Debug|Any CPU
		{D30C7587-9FD6-4FB9-9178-6E9D5BD71B0A}.Debug|Any CPU.Build.0 = Debug|Any CPU
		{D30C7587-9FD6-4FB9-9178-6E9D5BD71B0A}.Release|Any CPU.ActiveCfg = Release|Any CPU
		{D30C7587-9FD6-4FB9-9178-6E9D5BD71B0A}.Release|Any CPU.Build.0 = Release|Any CPU
		{20F296A8-22D2-4106-9E40-DDEE5B821292}.Debug|Any CPU.ActiveCfg = Debug|Any CPU
		{20F296A8-22D2-4106-9E40-DDEE5B821292}.Debug|Any CPU.Build.0 = Debug|Any CPU
		{20F296A8-22D2-4106-9E40-DDEE5B821292}.Release|Any CPU.ActiveCfg = Release|Any CPU
		{20F296A8-22D2-4106-9E40-DDEE5B821292}.Release|Any CPU.Build.0 = Release|Any CPU
	EndGlobalSection
	GlobalSection(SolutionProperties) = preSolution
		HideSolutionNode = FALSE
	EndGlobalSection
	GlobalSection(ExtensibilityGlobals) = postSolution
		SolutionGuid = {287DA1DA-1583-4419-8461-CCD8DC079661}
	EndGlobalSection
EndGlobal
